
Microsoft Visual Studio Solution File, Format Version 12.00
# Visual Studio Version 16
VisualStudioVersion = 16.0.29613.14
MinimumVisualStudioVersion = 10.0.40219.1
Project("{FAE04EC0-301F-11D3-BF4B-00C04F79EFBC}") = "PZ1", "PZ1\PZ1.csproj", "{047F4C61-2128-43EB-97DE-FD2AC3FF0116}"
EndProject
Global
	GlobalSection(SolutionConfigurationPlatforms) = preSolution
		Debug|Any CPU = Debug|Any CPU
		Release|Any CPU = Release|Any CPU
	EndGlobalSection
	GlobalSection(ProjectConfigurationPlatforms) = postSolution
		{047F4C61-2128-43EB-97DE-FD2AC3FF0116}.Debug|Any CPU.ActiveCfg = Debug|Any CPU
		{047F4C61-2128-43EB-97DE-FD2AC3FF0116}.Debug|Any CPU.Build.0 = Debug|Any CPU
		{047F4C61-2128-43EB-97DE-FD2AC3FF0116}.Release|Any CPU.ActiveCfg = Release|Any CPU
		{047F4C61-2128-43EB-97DE-FD2AC3FF0116}.Release|Any CPU.Build.0 = Release|Any CPU
	EndGlobalSection
	GlobalSection(SolutionProperties) = preSolution
		HideSolutionNode = FALSE
	EndGlobalSection
	GlobalSection(ExtensibilityGlobals) = postSolution
		SolutionGuid = {9692C65C-9D7C-4E44-9123-A3F518658D82}
	EndGlobalSection
EndGlobal
